// !$*UTF8*$!
{
	archiveVersion = 1;
	classes = {
	};
	objectVersion = 46;
	objects = {

/* Begin PBXBuildFile section */
		6306D6711EC7C733000240A3 /* PokedexViewController.swift in Sources */ = {isa = PBXBuildFile; fileRef = 6306D6701EC7C733000240A3 /* PokedexViewController.swift */; };
		6306D6731EC7C8DC000240A3 /* coreDataHelp.swift in Sources */ = {isa = PBXBuildFile; fileRef = 6306D6721EC7C8DC000240A3 /* coreDataHelp.swift */; };
		630CE9991ED4EF3C00B44C3B /* pokeannotation.swift in Sources */ = {isa = PBXBuildFile; fileRef = 630CE9981ED4EF3C00B44C3B /* pokeannotation.swift */; };
		63D4133C1EC7A4CC00CFC564 /* AppDelegate.swift in Sources */ = {isa = PBXBuildFile; fileRef = 63D4133B1EC7A4CC00CFC564 /* AppDelegate.swift */; };
		63D4133E1EC7A4CC00CFC564 /* ViewController.swift in Sources */ = {isa = PBXBuildFile; fileRef = 63D4133D1EC7A4CC00CFC564 /* ViewController.swift */; };
		63D413411EC7A4CC00CFC564 /* Main.storyboard in Resources */ = {isa = PBXBuildFile; fileRef = 63D4133F1EC7A4CC00CFC564 /* Main.storyboard */; };
		63D413441EC7A4CC00CFC564 /* Pokemon.xcdatamodeld in Sources */ = {isa = PBXBuildFile; fileRef = 63D413421EC7A4CC00CFC564 /* Pokemon.xcdatamodeld */; };
		63D413461EC7A4CC00CFC564 /* Assets.xcassets in Resources */ = {isa = PBXBuildFile; fileRef = 63D413451EC7A4CC00CFC564 /* Assets.xcassets */; };
		63D413491EC7A4CC00CFC564 /* LaunchScreen.storyboard in Resources */ = {isa = PBXBuildFile; fileRef = 63D413471EC7A4CC00CFC564 /* LaunchScreen.storyboard */; };
		63D413521EC7A7CA00CFC564 /* MapKit.framework in Frameworks */ = {isa = PBXBuildFile; fileRef = 63D413511EC7A7CA00CFC564 /* MapKit.framework */; };
/* End PBXBuildFile section */

/* Begin PBXFileReference section */
		6306D6701EC7C733000240A3 /* PokedexViewController.swift */ = {isa = PBXFileReference; fileEncoding = 4; lastKnownFileType = sourcecode.swift; path = PokedexViewController.swift; sourceTree = "<group>"; };
		6306D6721EC7C8DC000240A3 /* coreDataHelp.swift */ = {isa = PBXFileReference; fileEncoding = 4; lastKnownFileType = sourcecode.swift; path = coreDataHelp.swift; sourceTree = "<group>"; };
		630CE9981ED4EF3C00B44C3B /* pokeannotation.swift */ = {isa = PBXFileReference; fileEncoding = 4; lastKnownFileType = sourcecode.swift; path = pokeannotation.swift; sourceTree = "<group>"; };
		63D413381EC7A4CC00CFC564 /* Pokemon.app */ = {isa = PBXFileReference; explicitFileType = wrapper.application; includeInIndex = 0; path = Pokemon.app; sourceTree = BUILT_PRODUCTS_DIR; };
		63D4133B1EC7A4CC00CFC564 /* AppDelegate.swift */ = {isa = PBXFileReference; lastKnownFileType = sourcecode.swift; path = AppDelegate.swift; sourceTree = "<group>"; };
		63D4133D1EC7A4CC00CFC564 /* ViewController.swift */ = {isa = PBXFileReference; lastKnownFileType = sourcecode.swift; path = ViewController.swift; sourceTree = "<group>"; };
		63D413401EC7A4CC00CFC564 /* Base */ = {isa = PBXFileReference; lastKnownFileType = file.storyboard; name = Base; path = Base.lproj/Main.storyboard; sourceTree = "<group>"; };
		63D413431EC7A4CC00CFC564 /* Pokemon.xcdatamodel */ = {isa = PBXFileReference; lastKnownFileType = wrapper.xcdatamodel; path = Pokemon.xcdatamodel; sourceTree = "<group>"; };
		63D413451EC7A4CC00CFC564 /* Assets.xcassets */ = {isa = PBXFileReference; lastKnownFileType = folder.assetcatalog; path = Assets.xcassets; sourceTree = "<group>"; };
		63D413481EC7A4CC00CFC564 /* Base */ = {isa = PBXFileReference; lastKnownFileType = file.storyboard; name = Base; path = Base.lproj/LaunchScreen.storyboard; sourceTree = "<group>"; };
		63D4134A1EC7A4CC00CFC564 /* Info.plist */ = {isa = PBXFileReference; lastKnownFileType = text.plist.xml; path = Info.plist; sourceTree = "<group>"; };
		63D413511EC7A7CA00CFC564 /* MapKit.framework */ = {isa = PBXFileReference; lastKnownFileType = wrapper.framework; name = MapKit.framework; path = System/Library/Frameworks/MapKit.framework; sourceTree = SDKROOT; };
/* End PBXFileReference section */

/* Begin PBXFrameworksBuildPhase section */
		63D413351EC7A4CC00CFC564 /* Frameworks */ = {
			isa = PBXFrameworksBuildPhase;
			buildActionMask = 2147483647;
			files = (
				63D413521EC7A7CA00CFC564 /* MapKit.framework in Frameworks */,
			);
			runOnlyForDeploymentPostprocessing = 0;
		};
/* End PBXFrameworksBuildPhase section */

/* Begin PBXGroup section */
		63D4132F1EC7A4CC00CFC564 = {
			isa = PBXGroup;
			children = (
				63D4133A1EC7A4CC00CFC564 /* Pokemon */,
				63D413391EC7A4CC00CFC564 /* Products */,
				63D413501EC7A7CA00CFC564 /* Frameworks */,
			);
			sourceTree = "<group>";
		};
		63D413391EC7A4CC00CFC564 /* Products */ = {
			isa = PBXGroup;
			children = (
				63D413381EC7A4CC00CFC564 /* Pokemon.app */,
			);
			name = Products;
			sourceTree = "<group>";
		};
		63D4133A1EC7A4CC00CFC564 /* Pokemon */ = {
			isa = PBXGroup;
			children = (
				63D4133B1EC7A4CC00CFC564 /* AppDelegate.swift */,
				63D4133D1EC7A4CC00CFC564 /* ViewController.swift */,
				6306D6701EC7C733000240A3 /* PokedexViewController.swift */,
				6306D6721EC7C8DC000240A3 /* coreDataHelp.swift */,
				630CE9981ED4EF3C00B44C3B /* pokeannotation.swift */,
				63D4133F1EC7A4CC00CFC564 /* Main.storyboard */,
				63D413451EC7A4CC00CFC564 /* Assets.xcassets */,
				63D413471EC7A4CC00CFC564 /* LaunchScreen.storyboard */,
				63D4134A1EC7A4CC00CFC564 /* Info.plist */,
				63D413421EC7A4CC00CFC564 /* Pokemon.xcdatamodeld */,
			);
			path = Pokemon;
			sourceTree = "<group>";
		};
		63D413501EC7A7CA00CFC564 /* Frameworks */ = {
			isa = PBXGroup;
			children = (
				63D413511EC7A7CA00CFC564 /* MapKit.framework */,
			);
			name = Frameworks;
			sourceTree = "<group>";
		};
/* End PBXGroup section */

/* Begin PBXNativeTarget section */
		63D413371EC7A4CC00CFC564 /* Pokemon */ = {
			isa = PBXNativeTarget;
			buildConfigurationList = 63D4134D1EC7A4CC00CFC564 /* Build configuration list for PBXNativeTarget "Pokemon" */;
			buildPhases = (
				63D413341EC7A4CC00CFC564 /* Sources */,
				63D413351EC7A4CC00CFC564 /* Frameworks */,
				63D413361EC7A4CC00CFC564 /* Resources */,
			);
			buildRules = (
			);
			dependencies = (
			);
			name = Pokemon;
			productName = Pokemon;
			productReference = 63D413381EC7A4CC00CFC564 /* Pokemon.app */;
			productType = "com.apple.product-type.application";
		};
/* End PBXNativeTarget section */

/* Begin PBXProject section */
		63D413301EC7A4CC00CFC564 /* Project object */ = {
			isa = PBXProject;
			attributes = {
				LastSwiftUpdateCheck = 0830;
				LastUpgradeCheck = 0830;
				ORGANIZATIONNAME = "David Garza";
				TargetAttributes = {
					63D413371EC7A4CC00CFC564 = {
						CreatedOnToolsVersion = 8.3;
						DevelopmentTeam = ZYSQ7XEWQJ;
						ProvisioningStyle = Automatic;
					};
				};
			};
			buildConfigurationList = 63D413331EC7A4CC00CFC564 /* Build configuration list for PBXProject "Pokemon" */;
			compatibilityVersion = "Xcode 3.2";
			developmentRegion = English;
			hasScannedForEncodings = 0;
			knownRegions = (
				en,
				Base,
			);
			mainGroup = 63D4132F1EC7A4CC00CFC564;
			productRefGroup = 63D413391EC7A4CC00CFC564 /* Products */;
			projectDirPath = "";
			projectRoot = "";
			targets = (
				63D413371EC7A4CC00CFC564 /* Pokemon */,
			);
		};
/* End PBXProject section */

/* Begin PBXResourcesBuildPhase section */
		63D413361EC7A4CC00CFC564 /* Resources */ = {
			isa = PBXResourcesBuildPhase;
			buildActionMask = 2147483647;
			files = (
				63D413491EC7A4CC00CFC564 /* LaunchScreen.storyboard in Resources */,
				63D413461EC7A4CC00CFC564 /* Assets.xcassets in Resources */,
				63D413411EC7A4CC00CFC564 /* Main.storyboard in Resources */,
			);
			runOnlyForDeploymentPostprocessing = 0;
		};
/* End PBXResourcesBuildPhase section */

/* Begin PBXSourcesBuildPhase section */
		63D413341EC7A4CC00CFC564 /* Sources */ = {
			isa = PBXSourcesBuildPhase;
			buildActionMask = 2147483647;
			files = (
				63D4133E1EC7A4CC00CFC564 /* ViewController.swift in Sources */,
				6306D6711EC7C733000240A3 /* PokedexViewController.swift in Sources */,
				63D4133C1EC7A4CC00CFC564 /* AppDelegate.swift in Sources */,
				630CE9991ED4EF3C00B44C3B /* pokeannotation.swift in Sources */,
				6306D6731EC7C8DC000240A3 /* coreDataHelp.swift in Sources */,
				63D413441EC7A4CC00CFC564 /* Pokemon.xcdatamodeld in Sources */,
			);
			runOnlyForDeploymentPostprocessing = 0;
		};
/* End PBXSourcesBuildPhase section */

/* Begin PBXVariantGroup section */
		63D4133F1EC7A4CC00CFC564 /* Main.storyboard */ = {
			isa = PBXVariantGroup;
			children = (
				63D413401EC7A4CC00CFC564 /* Base */,
			);
			name = Main.storyboard;
			sourceTree = "<group>";
		};
		63D413471EC7A4CC00CFC564 /* LaunchScreen.storyboard */ = {
			isa = PBXVariantGroup;
			children = (
				63D413481EC7A4CC00CFC564 /* Base */,
			);
			name = LaunchScreen.storyboard;
			sourceTree = "<group>";
		};
/* End PBXVariantGroup section */

/* Begin XCBuildConfiguration section */
		63D4134B1EC7A4CC00CFC564 /* Debug */ = {
			isa = XCBuildConfiguration;
			buildSettings = {
				ALWAYS_SEARCH_USER_PATHS = NO;
				CLANG_ANALYZER_NONNULL = YES;
				CLANG_ANALYZER_NUMBER_OBJECT_CONVERSION = YES_AGGRESSIVE;
				CLANG_CXX_LANGUAGE_STANDARD = "gnu++0x";
				CLANG_CXX_LIBRARY = "libc++";
				CLANG_ENABLE_MODULES = YES;
				CLANG_ENABLE_OBJC_ARC = YES;
				CLANG_WARN_BOOL_CONVERSION = YES;
				CLANG_WARN_CONSTANT_CONVERSION = YES;
				CLANG_WARN_DIRECT_OBJC_ISA_USAGE = YES_ERROR;
				CLANG_WARN_DOCUMENTATION_COMMENTS = YES;
				CLANG_WARN_EMPTY_BODY = YES;
				CLANG_WARN_ENUM_CONVERSION = YES;
				CLANG_WARN_INFINITE_RECURSION = YES;
				CLANG_WARN_INT_CONVERSION = YES;
				CLANG_WARN_OBJC_ROOT_CLASS = YES_ERROR;
				CLANG_WARN_SUSPICIOUS_MOVE = YES;
				CLANG_WARN_UNREACHABLE_CODE = YES;
				CLANG_WARN__DUPLICATE_METHOD_MATCH = YES;
				"CODE_SIGN_IDENTITY[sdk=iphoneos*]" = "iPhone Developer";
				COPY_PHASE_STRIP = NO;
				DEBUG_INFORMATION_FORMAT = dwarf;
				ENABLE_STRICT_OBJC_MSGSEND = YES;
				ENABLE_TESTABILITY = YES;
				GCC_C_LANGUAGE_STANDARD = gnu99;
				GCC_DYNAMIC_NO_PIC = NO;
				GCC_NO_COMMON_BLOCKS = YES;
				GCC_OPTIMIZATION_LEVEL = 0;
				GCC_PREPROCESSOR_DEFINITIONS = (
					"DEBUG=1",
					"$(inherited)",
				);
				GCC_WARN_64_TO_32_BIT_CONVERSION = YES;
				GCC_WARN_ABOUT_RETURN_TYPE = YES_ERROR;
				GCC_WARN_UNDECLARED_SELECTOR = YES;
				GCC_WARN_UNINITIALIZED_AUTOS = YES_AGGRESSIVE;
				GCC_WARN_UNUSED_FUNCTION = YES;
				GCC_WARN_UNUSED_VARIABLE = YES;
				IPHONEOS_DEPLOYMENT_TARGET = 10.3;
				MTL_ENABLE_DEBUG_INFO = YES;
				ONLY_ACTIVE_ARCH = YES;
				SDKROOT = iphoneos;
				SWIFT_ACTIVE_COMPILATION_CONDITIONS = DEBUG;
				SWIFT_OPTIMIZATION_LEVEL = "-Onone";
				TARGETED_DEVICE_FAMILY = "1,2";
			};
			name = Debug;
		};
		63D4134C1EC7A4CC00CFC564 /* Release */ = {
			isa = XCBuildConfiguration;
			buildSettings = {
				ALWAYS_SEARCH_USER_PATHS = NO;
				CLANG_ANALYZER_NONNULL = YES;
				CLANG_ANALYZER_NUMBER_OBJECT_CONVERSION = YES_AGGRESSIVE;
				CLANG_CXX_LANGUAGE_STANDARD = "gnu++0x";
				CLANG_CXX_LIBRARY = "libc++";
				CLANG_ENABLE_MODULES = YES;
				CLANG_ENABLE_OBJC_ARC = YES;
				CLANG_WARN_BOOL_CONVERSION = YES;
				CLANG_WARN_CONSTANT_CONVERSION = YES;
				CLANG_WARN_DIRECT_OBJC_ISA_USAGE = YES_ERROR;
				CLANG_WARN_DOCUMENTATION_COMMENTS = YES;
				CLANG_WARN_EMPTY_BODY = YES;
				CLANG_WARN_ENUM_CONVERSION = YES;
				CLANG_WARN_INFINITE_RECURSION = YES;
				CLANG_WARN_INT_CONVERSION = YES;
				CLANG_WARN_OBJC_ROOT_CLASS = YES_ERROR;
				CLANG_WARN_SUSPICIOUS_MOVE = YES;
				CLANG_WARN_UNREACHABLE_CODE = YES;
				CLANG_WARN__DUPLICATE_METHOD_MATCH = YES;
				"CODE_SIGN_IDENTITY[sdk=iphoneos*]" = "iPhone Developer";
				COPY_PHASE_STRIP = NO;
				DEBUG_INFORMATION_FORMAT = "dwarf-with-dsym";
				ENABLE_NS_ASSERTIONS = NO;
				ENABLE_STRICT_OBJC_MSGSEND = YES;
				GCC_C_LANGUAGE_STANDARD = gnu99;
				GCC_NO_COMMON_BLOCKS = YES;
				GCC_WARN_64_TO_32_BIT_CONVERSION = YES;
				GCC_WARN_ABOUT_RETURN_TYPE = YES_ERROR;
				GCC_WARN_UNDECLARED_SELECTOR = YES;
				GCC_WARN_UNINITIALIZED_AUTOS = YES_AGGRESSIVE;
				GCC_WARN_UNUSED_FUNCTION = YES;
				GCC_WARN_UNUSED_VARIABLE = YES;
				IPHONEOS_DEPLOYMENT_TARGET = 10.3;
				MTL_ENABLE_DEBUG_INFO = NO;
				SDKROOT = iphoneos;
				SWIFT_OPTIMIZATION_LEVEL = "-Owholemodule";
				TARGETED_DEVICE_FAMILY = "1,2";
				VALIDATE_PRODUCT = YES;
			};
			name = Release;
		};
		63D4134E1EC7A4CC00CFC564 /* Debug */ = {
			isa = XCBuildConfiguration;
			buildSettings = {
				ASSETCATALOG_COMPILER_APPICON_NAME = AppIcon;
				DEVELOPMENT_TEAM = ZYSQ7XEWQJ;
				INFOPLIST_FILE = Pokemon/Info.plist;
				LD_RUNPATH_SEARCH_PATHS = "$(inherited) @executable_path/Frameworks";
				PRODUCT_BUNDLE_IDENTIFIER = Garza.Pokemon;
				PRODUCT_NAME = "$(TARGET_NAME)";
				SWIFT_VERSION = 3.0;
			};
			name = Debug;
		};
		63D4134F1EC7A4CC00CFC564 /* Release */ = {
			isa = XCBuildConfiguration;
			buildSettings = {
				ASSETCATALOG_COMPILER_APPICON_NAME = AppIcon;
				DEVELOPMENT_TEAM = ZYSQ7XEWQJ;
				INFOPLIST_FILE = Pokemon/Info.plist;
				LD_RUNPATH_SEARCH_PATHS = "$(inherited) @executable_path/Frameworks";
				PRODUCT_BUNDLE_IDENTIFIER = Garza.Pokemon;
				PRODUCT_NAME = "$(TARGET_NAME)";
				SWIFT_VERSION = 3.0;
			};
			name = Release;
		};
/* End XCBuildConfiguration section */

/* Begin XCConfigurationList section */
		63D413331EC7A4CC00CFC564 /* Build configuration list for PBXProject "Pokemon" */ = {
			isa = XCConfigurationList;
			buildConfigurations = (
				63D4134B1EC7A4CC00CFC564 /* Debug */,
				63D4134C1EC7A4CC00CFC564 /* Release */,
			);
			defaultConfigurationIsVisible = 0;
			defaultConfigurationName = Release;
		};
		63D4134D1EC7A4CC00CFC564 /* Build configuration list for PBXNativeTarget "Pokemon" */ = {
			isa = XCConfigurationList;
			buildConfigurations = (
				63D4134E1EC7A4CC00CFC564 /* Debug */,
				63D4134F1EC7A4CC00CFC564 /* Release */,
			);
			defaultConfigurationIsVisible = 0;
			defaultConfigurationName = Release;
		};
/* End XCConfigurationList section */

/* Begin XCVersionGroup section */
		63D413421EC7A4CC00CFC564 /* Pokemon.xcdatamodeld */ = {
			isa = XCVersionGroup;
			children = (
				63D413431EC7A4CC00CFC564 /* Pokemon.xcdatamodel */,
			);
			currentVersion = 63D413431EC7A4CC00CFC564 /* Pokemon.xcdatamodel */;
			path = Pokemon.xcdatamodeld;
			sourceTree = "<group>";
			versionGroupType = wrapper.xcdatamodel;
		};
/* End XCVersionGroup section */
	};
	rootObject = 63D413301EC7A4CC00CFC564 /* Project object */;
}
